{
  "name": "naruto-name-generator",
  "version": "1.0.0",
  "lockfileVersion": 2,
  "requires": true,
  "packages": {
    "": {
      "name": "naruto-name-generator",
      "version": "1.0.0",
      "license": "ISC",
      "dependencies": {
        "naruto-name-generator": "^2.0.7"
      }
    },
    "node_modules/naruto-name-generator": {
      "version": "2.0.7",
      "resolved": "https://registry.npmjs.org/naruto-name-generator/-/naruto-name-generator-2.0.7.tgz",
      "integrity": "sha512-dRKWG1DWgPcW7duHeak4c89D8ZmVKZI7q4NcCBJ0ifFJRXxdLkbeiXVlr0/Jr1Pog9I26AJfFNwU2HxHijaMhA=="
    }
  },
  "dependencies": {
    "naruto-name-generator": {
      "version": "2.0.7",
      "resolved": "https://registry.npmjs.org/naruto-name-generator/-/naruto-name-generator-2.0.7.tgz",
      "integrity": "sha512-dRKWG1DWgPcW7duHeak4c89D8ZmVKZI7q4NcCBJ0ifFJRXxdLkbeiXVlr0/Jr1Pog9I26AJfFNwU2HxHijaMhA=="
    }
  }
}
